
Microsoft Visual Studio Solution File, Format Version 12.00
# Visual Studio Version 17
VisualStudioVersion = 17.6.33829.357
MinimumVisualStudioVersion = 10.0.40219.1
Project("{FAE04EC0-301F-11D3-BF4B-00C04F79EFBC}") = "Student_Identity_Card", "Student_Identity_Card\Student_Identity_Card.csproj", "{6BAEBCE7-0D1B-4610-A2AC-3E17620F1721}"
EndProject
Global
	GlobalSection(SolutionConfigurationPlatforms) = preSolution
		Debug|Any CPU = Debug|Any CPU
		Release|Any CPU = Release|Any CPU
	EndGlobalSection
	GlobalSection(ProjectConfigurationPlatforms) = postSolution
		{6BAEBCE7-0D1B-4610-A2AC-3E17620F1721}.Debug|Any CPU.ActiveCfg = Debug|Any CPU
		{6BAEBCE7-0D1B-4610-A2AC-3E17620F1721}.Debug|Any CPU.Build.0 = Debug|Any CPU
		{6BAEBCE7-0D1B-4610-A2AC-3E17620F1721}.Release|Any CPU.ActiveCfg = Release|Any CPU
		{6BAEBCE7-0D1B-4610-A2AC-3E17620F1721}.Release|Any CPU.Build.0 = Release|Any CPU
	EndGlobalSection
	GlobalSection(SolutionProperties) = preSolution
		HideSolutionNode = FALSE
	EndGlobalSection
	GlobalSection(ExtensibilityGlobals) = postSolution
		SolutionGuid = {7A10184E-25C1-4D60-8E8D-958A2196610C}
	EndGlobalSection
EndGlobal
